
Microsoft Visual Studio Solution File, Format Version 12.00
# Visual Studio Version 16
VisualStudioVersion = 16.0.33920.266
MinimumVisualStudioVersion = 10.0.40219.1
Project("{2150E333-8FDC-42A3-9474-1A3956D46DE8}") = "src", "src", "{A192FB87-6C5C-4C8A-8E3E-E1D890B58527}"
EndProject
Project("{2150E333-8FDC-42A3-9474-1A3956D46DE8}") = "application", "application", "{544C5476-2DBF-4A98-9B4F-D6D7220AF76B}"
EndProject
Project("{2150E333-8FDC-42A3-9474-1A3956D46DE8}") = "core", "core", "{6B3DEAE0-F133-4F64-B9FE-C33CA459D325}"
EndProject
Project("{2150E333-8FDC-42A3-9474-1A3956D46DE8}") = "domain", "domain", "{1064ACC4-C13C-4C50-A96E-D64267F9F735}"
EndProject
Project("{2150E333-8FDC-42A3-9474-1A3956D46DE8}") = "infrastructure", "infrastructure", "{E5CF40FC-E10B-48E0-B1AC-E4ADCAE7EB8F}"
EndProject
Project("{2150E333-8FDC-42A3-9474-1A3956D46DE8}") = "persistence", "persistence", "{AD2EC7A4-66B5-4F57-82CD-94FD403CCFE2}"
EndProject
Project("{2150E333-8FDC-42A3-9474-1A3956D46DE8}") = "presentation", "presentation", "{3B12551A-6806-451C-BC93-539CC3682723}"
EndProject
Project("{FAE04EC0-301F-11D3-BF4B-00C04F79EFBC}") = "Teamsec_Case.Application", "Teamsec_Case.Application\Teamsec_Case.Application.csproj", "{5C29E3D4-A1E6-447A-AA98-141180D796F0}"
EndProject
Project("{FAE04EC0-301F-11D3-BF4B-00C04F79EFBC}") = "Teamsec_Case.Core", "Teamsec_Case.Core\Teamsec_Case.Core.csproj", "{12AE6274-F722-4E3E-8D1B-057AB12722E5}"
EndProject
Project("{FAE04EC0-301F-11D3-BF4B-00C04F79EFBC}") = "Teamsec_Case.Domain", "Teamsec_Case.Domain\Teamsec_Case.Domain.csproj", "{3F47610C-ABE1-420E-9F69-C87FE3672DE7}"
EndProject
Project("{FAE04EC0-301F-11D3-BF4B-00C04F79EFBC}") = "Teamsec_Case.Infrastructure", "Teamsec_Case.Infrastructure\Teamsec_Case.Infrastructure.csproj", "{70491DB3-58C1-4222-874E-B5F54959EE02}"
EndProject
Project("{FAE04EC0-301F-11D3-BF4B-00C04F79EFBC}") = "Teamsec_Case.Persistence", "Teamsec_Case.Persistence\Teamsec_Case.Persistence.csproj", "{F189DE70-A141-4838-BCF7-F320B7F77D84}"
EndProject
Project("{2150E333-8FDC-42A3-9474-1A3956D46DE8}") = "webapi", "webapi", "{CE8EA8B6-1214-48E9-90D3-532524EF3D37}"
EndProject
Project("{FAE04EC0-301F-11D3-BF4B-00C04F79EFBC}") = "Teamsec_Case.API", "Teamsec_Case.API\Teamsec_Case.API.csproj", "{9613B0A2-7746-4554-97A1-7068E01B862E}"
EndProject
Global
	GlobalSection(SolutionConfigurationPlatforms) = preSolution
		Debug|Any CPU = Debug|Any CPU
		Release|Any CPU = Release|Any CPU
	EndGlobalSection
	GlobalSection(ProjectConfigurationPlatforms) = postSolution
		{5C29E3D4-A1E6-447A-AA98-141180D796F0}.Debug|Any CPU.ActiveCfg = Debug|Any CPU
		{5C29E3D4-A1E6-447A-AA98-141180D796F0}.Debug|Any CPU.Build.0 = Debug|Any CPU
		{5C29E3D4-A1E6-447A-AA98-141180D796F0}.Release|Any CPU.ActiveCfg = Release|Any CPU
		{5C29E3D4-A1E6-447A-AA98-141180D796F0}.Release|Any CPU.Build.0 = Release|Any CPU
		{12AE6274-F722-4E3E-8D1B-057AB12722E5}.Debug|Any CPU.ActiveCfg = Debug|Any CPU
		{12AE6274-F722-4E3E-8D1B-057AB12722E5}.Debug|Any CPU.Build.0 = Debug|Any CPU
		{12AE6274-F722-4E3E-8D1B-057AB12722E5}.Release|Any CPU.ActiveCfg = Release|Any CPU
		{12AE6274-F722-4E3E-8D1B-057AB12722E5}.Release|Any CPU.Build.0 = Release|Any CPU
		{3F47610C-ABE1-420E-9F69-C87FE3672DE7}.Debug|Any CPU.ActiveCfg = Debug|Any CPU
		{3F47610C-ABE1-420E-9F69-C87FE3672DE7}.Debug|Any CPU.Build.0 = Debug|Any CPU
		{3F47610C-ABE1-420E-9F69-C87FE3672DE7}.Release|Any CPU.ActiveCfg = Release|Any CPU
		{3F47610C-ABE1-420E-9F69-C87FE3672DE7}.Release|Any CPU.Build.0 = Release|Any CPU
		{70491DB3-58C1-4222-874E-B5F54959EE02}.Debug|Any CPU.ActiveCfg = Debug|Any CPU
		{70491DB3-58C1-4222-874E-B5F54959EE02}.Debug|Any CPU.Build.0 = Debug|Any CPU
		{70491DB3-58C1-4222-874E-B5F54959EE02}.Release|Any CPU.ActiveCfg = Release|Any CPU
		{70491DB3-58C1-4222-874E-B5F54959EE02}.Release|Any CPU.Build.0 = Release|Any CPU
		{F189DE70-A141-4838-BCF7-F320B7F77D84}.Debug|Any CPU.ActiveCfg = Debug|Any CPU
		{F189DE70-A141-4838-BCF7-F320B7F77D84}.Debug|Any CPU.Build.0 = Debug|Any CPU
		{F189DE70-A141-4838-BCF7-F320B7F77D84}.Release|Any CPU.ActiveCfg = Release|Any CPU
		{F189DE70-A141-4838-BCF7-F320B7F77D84}.Release|Any CPU.Build.0 = Release|Any CPU
		{9613B0A2-7746-4554-97A1-7068E01B862E}.Debug|Any CPU.ActiveCfg = Debug|Any CPU
		{9613B0A2-7746-4554-97A1-7068E01B862E}.Debug|Any CPU.Build.0 = Debug|Any CPU
		{9613B0A2-7746-4554-97A1-7068E01B862E}.Release|Any CPU.ActiveCfg = Release|Any CPU
		{9613B0A2-7746-4554-97A1-7068E01B862E}.Release|Any CPU.Build.0 = Release|Any CPU
	EndGlobalSection
	GlobalSection(SolutionProperties) = preSolution
		HideSolutionNode = FALSE
	EndGlobalSection
	GlobalSection(NestedProjects) = preSolution
		{544C5476-2DBF-4A98-9B4F-D6D7220AF76B} = {A192FB87-6C5C-4C8A-8E3E-E1D890B58527}
		{6B3DEAE0-F133-4F64-B9FE-C33CA459D325} = {A192FB87-6C5C-4C8A-8E3E-E1D890B58527}
		{1064ACC4-C13C-4C50-A96E-D64267F9F735} = {A192FB87-6C5C-4C8A-8E3E-E1D890B58527}
		{E5CF40FC-E10B-48E0-B1AC-E4ADCAE7EB8F} = {A192FB87-6C5C-4C8A-8E3E-E1D890B58527}
		{AD2EC7A4-66B5-4F57-82CD-94FD403CCFE2} = {A192FB87-6C5C-4C8A-8E3E-E1D890B58527}
		{3B12551A-6806-451C-BC93-539CC3682723} = {A192FB87-6C5C-4C8A-8E3E-E1D890B58527}
		{5C29E3D4-A1E6-447A-AA98-141180D796F0} = {544C5476-2DBF-4A98-9B4F-D6D7220AF76B}
		{12AE6274-F722-4E3E-8D1B-057AB12722E5} = {6B3DEAE0-F133-4F64-B9FE-C33CA459D325}
		{3F47610C-ABE1-420E-9F69-C87FE3672DE7} = {1064ACC4-C13C-4C50-A96E-D64267F9F735}
		{70491DB3-58C1-4222-874E-B5F54959EE02} = {E5CF40FC-E10B-48E0-B1AC-E4ADCAE7EB8F}
		{F189DE70-A141-4838-BCF7-F320B7F77D84} = {AD2EC7A4-66B5-4F57-82CD-94FD403CCFE2}
		{CE8EA8B6-1214-48E9-90D3-532524EF3D37} = {3B12551A-6806-451C-BC93-539CC3682723}
		{9613B0A2-7746-4554-97A1-7068E01B862E} = {CE8EA8B6-1214-48E9-90D3-532524EF3D37}
	EndGlobalSection
	GlobalSection(ExtensibilityGlobals) = postSolution
		SolutionGuid = {01283DE7-6CA3-4185-9D7A-6C3E4E49AD34}
	EndGlobalSection
EndGlobal
